
Microsoft Visual Studio Solution File, Format Version 12.00
# Visual Studio Version 17
VisualStudioVersion = 17.14.36623.8 d17.14
MinimumVisualStudioVersion = 10.0.40219.1
Project("{FAE04EC0-301F-11D3-BF4B-00C04F79EFBC}") = "test_service", "test_service\test_service.csproj", "{553F798C-794F-4F47-8BB3-2C7A636A0174}"
EndProject
Global
	GlobalSection(SolutionConfigurationPlatforms) = preSolution
		Debug|Any CPU = Debug|Any CPU
		Release|Any CPU = Release|Any CPU
	EndGlobalSection
	GlobalSection(ProjectConfigurationPlatforms) = postSolution
		{553F798C-794F-4F47-8BB3-2C7A636A0174}.Debug|Any CPU.ActiveCfg = Debug|Any CPU
		{553F798C-794F-4F47-8BB3-2C7A636A0174}.Debug|Any CPU.Build.0 = Debug|Any CPU
		{553F798C-794F-4F47-8BB3-2C7A636A0174}.Release|Any CPU.ActiveCfg = Release|Any CPU
		{553F798C-794F-4F47-8BB3-2C7A636A0174}.Release|Any CPU.Build.0 = Release|Any CPU
	EndGlobalSection
	GlobalSection(SolutionProperties) = preSolution
		HideSolutionNode = FALSE
	EndGlobalSection
	GlobalSection(ExtensibilityGlobals) = postSolution
		SolutionGuid = {437DC669-9D02-480D-8A21-B9D841962D59}
	EndGlobalSection
EndGlobal
